
Microsoft Visual Studio Solution File, Format Version 12.00
# Visual Studio Version 17
VisualStudioVersion = 17.0.32126.317
MinimumVisualStudioVersion = 10.0.40219.1
Project("{FAE04EC0-301F-11D3-BF4B-00C04F79EFBC}") = "P03_FootballBetting", "P03_FootballBetting\P03_FootballBetting.csproj", "{D51C77D6-1DFF-46DD-936B-34BD8F20202C}"
EndProject
Project("{FAE04EC0-301F-11D3-BF4B-00C04F79EFBC}") = "DataConfiguration", "DataConfiguration\DataConfiguration.csproj", "{44F67A39-5859-4110-AB69-0DB88331E368}"
EndProject
Project("{FAE04EC0-301F-11D3-BF4B-00C04F79EFBC}") = "ModelConfiguration", "ModelConfiguration\ModelConfiguration.csproj", "{7558B510-272E-4E14-B378-44A1ED452CBB}"
EndProject
Global
	GlobalSection(SolutionConfigurationPlatforms) = preSolution
		Debug|Any CPU = Debug|Any CPU
		Release|Any CPU = Release|Any CPU
	EndGlobalSection
	GlobalSection(ProjectConfigurationPlatforms) = postSolution
		{D51C77D6-1DFF-46DD-936B-34BD8F20202C}.Debug|Any CPU.ActiveCfg = Debug|Any CPU
		{D51C77D6-1DFF-46DD-936B-34BD8F20202C}.Debug|Any CPU.Build.0 = Debug|Any CPU
		{D51C77D6-1DFF-46DD-936B-34BD8F20202C}.Release|Any CPU.ActiveCfg = Release|Any CPU
		{D51C77D6-1DFF-46DD-936B-34BD8F20202C}.Release|Any CPU.Build.0 = Release|Any CPU
		{44F67A39-5859-4110-AB69-0DB88331E368}.Debug|Any CPU.ActiveCfg = Debug|Any CPU
		{44F67A39-5859-4110-AB69-0DB88331E368}.Debug|Any CPU.Build.0 = Debug|Any CPU
		{44F67A39-5859-4110-AB69-0DB88331E368}.Release|Any CPU.ActiveCfg = Release|Any CPU
		{44F67A39-5859-4110-AB69-0DB88331E368}.Release|Any CPU.Build.0 = Release|Any CPU
		{7558B510-272E-4E14-B378-44A1ED452CBB}.Debug|Any CPU.ActiveCfg = Debug|Any CPU
		{7558B510-272E-4E14-B378-44A1ED452CBB}.Debug|Any CPU.Build.0 = Debug|Any CPU
		{7558B510-272E-4E14-B378-44A1ED452CBB}.Release|Any CPU.ActiveCfg = Release|Any CPU
		{7558B510-272E-4E14-B378-44A1ED452CBB}.Release|Any CPU.Build.0 = Release|Any CPU
	EndGlobalSection
	GlobalSection(SolutionProperties) = preSolution
		HideSolutionNode = FALSE
	EndGlobalSection
	GlobalSection(ExtensibilityGlobals) = postSolution
		SolutionGuid = {22AEF25B-6773-4DFA-9DA7-ED78D09D1C55}
	EndGlobalSection
EndGlobal
