
Microsoft Visual Studio Solution File, Format Version 12.00
# Visual Studio Version 17
VisualStudioVersion = 17.0.32126.317
MinimumVisualStudioVersion = 10.0.40219.1
Project("{FAE04EC0-301F-11D3-BF4B-00C04F79EFBC}") = "SoftUni", "SoftUni.csproj", "{CA43C844-5481-44EF-8D5F-BFD68CE9E9B2}"
EndProject
Global
	GlobalSection(SolutionConfigurationPlatforms) = preSolution
		Debug|Any CPU = Debug|Any CPU
		Release|Any CPU = Release|Any CPU
	EndGlobalSection
	GlobalSection(ProjectConfigurationPlatforms) = postSolution
		{CA43C844-5481-44EF-8D5F-BFD68CE9E9B2}.Debug|Any CPU.ActiveCfg = Debug|Any CPU
		{CA43C844-5481-44EF-8D5F-BFD68CE9E9B2}.Debug|Any CPU.Build.0 = Debug|Any CPU
		{CA43C844-5481-44EF-8D5F-BFD68CE9E9B2}.Release|Any CPU.ActiveCfg = Release|Any CPU
		{CA43C844-5481-44EF-8D5F-BFD68CE9E9B2}.Release|Any CPU.Build.0 = Release|Any CPU
	EndGlobalSection
	GlobalSection(SolutionProperties) = preSolution
		HideSolutionNode = FALSE
	EndGlobalSection
	GlobalSection(ExtensibilityGlobals) = postSolution
		SolutionGuid = {CB49D22E-CE6A-4335-9042-2F2FFE0BBC08}
	EndGlobalSection
EndGlobal
